
Microsoft Visual Studio Solution File, Format Version 12.00
# Visual Studio 15
VisualStudioVersion = 15.0.28307.705
MinimumVisualStudioVersion = 10.0.40219.1
Project("{F184B08F-C81C-45F6-A57F-5ABD9991F28F}") = "OCScriptChange", "OCScriptChange\OCScriptChange.vbproj", "{C42DEC5A-44A2-4EC9-9F7F-7B9A54547FE4}"
EndProject
Global
	GlobalSection(SolutionConfigurationPlatforms) = preSolution
		Debug|Any CPU = Debug|Any CPU
		Release|Any CPU = Release|Any CPU
	EndGlobalSection
	GlobalSection(ProjectConfigurationPlatforms) = postSolution
		{C42DEC5A-44A2-4EC9-9F7F-7B9A54547FE4}.Debug|Any CPU.ActiveCfg = Debug|Any CPU
		{C42DEC5A-44A2-4EC9-9F7F-7B9A54547FE4}.Debug|Any CPU.Build.0 = Debug|Any CPU
		{C42DEC5A-44A2-4EC9-9F7F-7B9A54547FE4}.Release|Any CPU.ActiveCfg = Release|Any CPU
		{C42DEC5A-44A2-4EC9-9F7F-7B9A54547FE4}.Release|Any CPU.Build.0 = Release|Any CPU
	EndGlobalSection
	GlobalSection(SolutionProperties) = preSolution
		HideSolutionNode = FALSE
	EndGlobalSection
	GlobalSection(ExtensibilityGlobals) = postSolution
		SolutionGuid = {8BF6BCD5-E789-4595-A6C2-926E6148332A}
	EndGlobalSection
EndGlobal
