
Microsoft Visual Studio Solution File, Format Version 11.00
# Visual Studio 2010
# SharpDevelop 4.4
Project("{FAE04EC0-301F-11D3-BF4B-00C04F79EFBC}") = "ScriptConverter", "ScriptConverter\ScriptConverter.csproj", "{AB4C10BF-53AD-44AC-8B7A-B3F406DF468A}"
EndProject
Project("{F184B08F-C81C-45F6-A57F-5ABD9991F28F}") = "ScriptConverter.Converted", "ScriptConverter.ConvertedToVBNet\ScriptConverter.Converted.vbproj", "{EA99D1F6-C6E5-4A1C-AA37-750EEFFE0B05}"
EndProject
Global
	GlobalSection(SolutionConfigurationPlatforms) = preSolution
		Debug|Any CPU = Debug|Any CPU
		Release|Any CPU = Release|Any CPU
	EndGlobalSection
	GlobalSection(ProjectConfigurationPlatforms) = postSolution
		{AB4C10BF-53AD-44AC-8B7A-B3F406DF468A}.Debug|Any CPU.ActiveCfg = Debug|Any CPU
		{AB4C10BF-53AD-44AC-8B7A-B3F406DF468A}.Debug|Any CPU.Build.0 = Debug|Any CPU
		{AB4C10BF-53AD-44AC-8B7A-B3F406DF468A}.Release|Any CPU.ActiveCfg = Release|Any CPU
		{AB4C10BF-53AD-44AC-8B7A-B3F406DF468A}.Release|Any CPU.Build.0 = Release|Any CPU
		{EA99D1F6-C6E5-4A1C-AA37-750EEFFE0B05}.Debug|Any CPU.Build.0 = Debug|Any CPU
		{EA99D1F6-C6E5-4A1C-AA37-750EEFFE0B05}.Debug|Any CPU.ActiveCfg = Debug|Any CPU
		{EA99D1F6-C6E5-4A1C-AA37-750EEFFE0B05}.Release|Any CPU.Build.0 = Release|Any CPU
		{EA99D1F6-C6E5-4A1C-AA37-750EEFFE0B05}.Release|Any CPU.ActiveCfg = Release|Any CPU
	EndGlobalSection
	GlobalSection(SolutionProperties) = preSolution
		HideSolutionNode = FALSE
	EndGlobalSection
EndGlobal
